<Solution>
  <Folder Name="/src/">
    <Project Path="src/Catalog.Domain/Catalog.Domain.csproj" />
    <Project Path="src/Catalog.Application/Catalog.Application.csproj" />
    <Project Path="src/Catalog.Infrastructure/Catalog.Infrastructure.csproj" />
    <Project Path="src/Catalog.API/Catalog.API.csproj" />
  </Folder>
  <Folder Name="/tests/">
    <Project Path="tests/Catalog.UnitTests/Catalog.UnitTests.csproj" />
  </Folder>
</Solution>
